{
  "version": 4,
  "terraform_version": "1.4.6",
  "serial": 37,
  "lineage": "d84c4b18-bcc2-739b-c3a3-cf86ea54ea75",
  "outputs": {},
  "resources": [
    {
      "mode": "managed",
      "type": "azurerm_network_interface",
      "name": "dev-vm1-nic",
      "provider": "provider[\"registry.terraform.io/hashicorp/azurerm\"]",
      "instances": [
        {
          "schema_version": 0,
          "attributes": {
            "applied_dns_servers": [],
            "auxiliary_mode": "",
            "auxiliary_sku": "",
            "dns_servers": [],
            "edge_zone": "",
            "enable_accelerated_networking": false,
            "enable_ip_forwarding": false,
            "id": "/subscriptions/f658e370-512a-4d13-a7a0-90c19f2246dd/resourceGroups/rg-lou-dev-env/providers/Microsoft.Network/networkInterfaces/nic-dev-vm-1",
            "internal_dns_name_label": "",
            "internal_domain_name_suffix": "f0vgoda5seuurnhu5wfx11e1kf.zx.internal.cloudapp.net",
            "ip_configuration": [
              {
                "gateway_load_balancer_frontend_ip_configuration_id": "",
                "name": "dev-vm-1-private-ip",
                "primary": true,
                "private_ip_address": "10.0.1.11",
                "private_ip_address_allocation": "Static",
                "private_ip_address_version": "IPv4",
                "public_ip_address_id": "/subscriptions/f658e370-512a-4d13-a7a0-90c19f2246dd/resourceGroups/rg-lou-dev-env/providers/Microsoft.Network/publicIPAddresses/pip-vmdev1",
                "subnet_id": "/subscriptions/f658e370-512a-4d13-a7a0-90c19f2246dd/resourceGroups/rg-lou-dev-env/providers/Microsoft.Network/virtualNetworks/vnet-dev-env/subnets/subnet-dev-1"
              }
            ],
            "location": "uksouth",
            "mac_address": "7C-1E-52-02-DD-59",
            "name": "nic-dev-vm-1",
            "private_ip_address": "10.0.1.11",
            "private_ip_addresses": [
              "10.0.1.11"
            ],
            "resource_group_name": "rg-lou-dev-env",
            "tags": {},
            "timeouts": null,
            "virtual_machine_id": "/subscriptions/f658e370-512a-4d13-a7a0-90c19f2246dd/resourceGroups/rg-lou-dev-env/providers/Microsoft.Compute/virtualMachines/vmdev1"
          },
          "sensitive_attributes": [],
          "private": "eyJlMmJmYjczMC1lY2FhLTExZTYtOGY4OC0zNDM2M2JjN2M0YzAiOnsiY3JlYXRlIjoxODAwMDAwMDAwMDAwLCJkZWxldGUiOjE4MDAwMDAwMDAwMDAsInJlYWQiOjMwMDAwMDAwMDAwMCwidXBkYXRlIjoxODAwMDAwMDAwMDAwfX0=",
          "dependencies": [
            "azurerm_public_ip.vmdev1-pip",
            "azurerm_resource_group.dev-rg",
            "azurerm_subnet.dev-subnet-1",
            "azurerm_virtual_network.dev-vnet"
          ]
        }
      ]
    },
    {
      "mode": "managed",
      "type": "azurerm_network_interface",
      "name": "dev-vm2-nic",
      "provider": "provider[\"registry.terraform.io/hashicorp/azurerm\"]",
      "instances": [
        {
          "schema_version": 0,
          "attributes": {
            "applied_dns_servers": [],
            "auxiliary_mode": "",
            "auxiliary_sku": "",
            "dns_servers": [],
            "edge_zone": "",
            "enable_accelerated_networking": false,
            "enable_ip_forwarding": false,
            "id": "/subscriptions/f658e370-512a-4d13-a7a0-90c19f2246dd/resourceGroups/rg-lou-dev-env/providers/Microsoft.Network/networkInterfaces/nic-dev-vm-2",
            "internal_dns_name_label": "",
            "internal_domain_name_suffix": "f0vgoda5seuurnhu5wfx11e1kf.zx.internal.cloudapp.net",
            "ip_configuration": [
              {
                "gateway_load_balancer_frontend_ip_configuration_id": "",
                "name": "dev-vm-2-private-ip",
                "primary": true,
                "private_ip_address": "10.0.1.22",
                "private_ip_address_allocation": "Static",
                "private_ip_address_version": "IPv4",
                "public_ip_address_id": "",
                "subnet_id": "/subscriptions/f658e370-512a-4d13-a7a0-90c19f2246dd/resourceGroups/rg-lou-dev-env/providers/Microsoft.Network/virtualNetworks/vnet-dev-env/subnets/subnet-dev-1"
              }
            ],
            "location": "uksouth",
            "mac_address": "60-45-BD-D2-DA-FB",
            "name": "nic-dev-vm-2",
            "private_ip_address": "10.0.1.22",
            "private_ip_addresses": [
              "10.0.1.22"
            ],
            "resource_group_name": "rg-lou-dev-env",
            "tags": {},
            "timeouts": null,
            "virtual_machine_id": "/subscriptions/f658e370-512a-4d13-a7a0-90c19f2246dd/resourceGroups/rg-lou-dev-env/providers/Microsoft.Compute/virtualMachines/vmdev2"
          },
          "sensitive_attributes": [],
          "private": "eyJlMmJmYjczMC1lY2FhLTExZTYtOGY4OC0zNDM2M2JjN2M0YzAiOnsiY3JlYXRlIjoxODAwMDAwMDAwMDAwLCJkZWxldGUiOjE4MDAwMDAwMDAwMDAsInJlYWQiOjMwMDAwMDAwMDAwMCwidXBkYXRlIjoxODAwMDAwMDAwMDAwfX0=",
          "dependencies": [
            "azurerm_resource_group.dev-rg",
            "azurerm_subnet.dev-subnet-1",
            "azurerm_virtual_network.dev-vnet"
          ]
        }
      ]
    },
    {
      "mode": "managed",
      "type": "azurerm_network_security_group",
      "name": "dev-subnet-1-nsg",
      "provider": "provider[\"registry.terraform.io/hashicorp/azurerm\"]",
      "instances": [
        {
          "schema_version": 0,
          "attributes": {
            "id": "/subscriptions/f658e370-512a-4d13-a7a0-90c19f2246dd/resourceGroups/rg-lou-dev-env/providers/Microsoft.Network/networkSecurityGroups/nsg-dev-subnet-1",
            "location": "uksouth",
            "name": "nsg-dev-subnet-1",
            "resource_group_name": "rg-lou-dev-env",
            "security_rule": [
              {
                "access": "Allow",
                "description": "",
                "destination_address_prefix": "*",
                "destination_address_prefixes": [],
                "destination_application_security_group_ids": [],
                "destination_port_range": "3389",
                "destination_port_ranges": [],
                "direction": "Inbound",
                "name": "AllowRDP",
                "priority": 100,
                "protocol": "Tcp",
                "source_address_prefix": "*",
                "source_address_prefixes": [],
                "source_application_security_group_ids": [],
                "source_port_range": "*",
                "source_port_ranges": []
              }
            ],
            "tags": {},
            "timeouts": null
          },
          "sensitive_attributes": [],
          "private": "eyJlMmJmYjczMC1lY2FhLTExZTYtOGY4OC0zNDM2M2JjN2M0YzAiOnsiY3JlYXRlIjoxODAwMDAwMDAwMDAwLCJkZWxldGUiOjE4MDAwMDAwMDAwMDAsInJlYWQiOjMwMDAwMDAwMDAwMCwidXBkYXRlIjoxODAwMDAwMDAwMDAwfX0=",
          "dependencies": [
            "azurerm_resource_group.dev-rg"
          ]
        }
      ]
    },
    {
      "mode": "managed",
      "type": "azurerm_network_security_rule",
      "name": "AllowPing",
      "provider": "provider[\"registry.terraform.io/hashicorp/azurerm\"]",
      "instances": [
        {
          "schema_version": 0,
          "attributes": {
            "access": "Allow",
            "description": "",
            "destination_address_prefix": "10.0.1.22",
            "destination_address_prefixes": null,
            "destination_application_security_group_ids": null,
            "destination_port_range": "*",
            "destination_port_ranges": null,
            "direction": "Inbound",
            "id": "/subscriptions/f658e370-512a-4d13-a7a0-90c19f2246dd/resourceGroups/rg-lou-dev-env/providers/Microsoft.Network/networkSecurityGroups/nsg-dev-subnet-1/securityRules/AllowPingFromvmdev1",
            "name": "AllowPingFromvmdev1",
            "network_security_group_name": "nsg-dev-subnet-1",
            "priority": 110,
            "protocol": "Icmp",
            "resource_group_name": "rg-lou-dev-env",
            "source_address_prefix": "10.0.1.11",
            "source_address_prefixes": null,
            "source_application_security_group_ids": null,
            "source_port_range": "*",
            "source_port_ranges": null,
            "timeouts": null
          },
          "sensitive_attributes": [],
          "private": "eyJlMmJmYjczMC1lY2FhLTExZTYtOGY4OC0zNDM2M2JjN2M0YzAiOnsiY3JlYXRlIjoxODAwMDAwMDAwMDAwLCJkZWxldGUiOjE4MDAwMDAwMDAwMDAsInJlYWQiOjMwMDAwMDAwMDAwMCwidXBkYXRlIjoxODAwMDAwMDAwMDAwfX0=",
          "dependencies": [
            "azurerm_network_security_group.dev-subnet-1-nsg",
            "azurerm_resource_group.dev-rg"
          ]
        }
      ]
    },
    {
      "mode": "managed",
      "type": "azurerm_network_security_rule",
      "name": "AllowRDP",
      "provider": "provider[\"registry.terraform.io/hashicorp/azurerm\"]",
      "instances": [
        {
          "schema_version": 0,
          "attributes": {
            "access": "Allow",
            "description": "",
            "destination_address_prefix": "*",
            "destination_address_prefixes": [],
            "destination_application_security_group_ids": [],
            "destination_port_range": "3389",
            "destination_port_ranges": [],
            "direction": "Inbound",
            "id": "/subscriptions/f658e370-512a-4d13-a7a0-90c19f2246dd/resourceGroups/rg-lou-dev-env/providers/Microsoft.Network/networkSecurityGroups/nsg-dev-subnet-1/securityRules/AllowRDP",
            "name": "AllowRDP",
            "network_security_group_name": "nsg-dev-subnet-1",
            "priority": 100,
            "protocol": "Tcp",
            "resource_group_name": "rg-lou-dev-env",
            "source_address_prefix": "*",
            "source_address_prefixes": [],
            "source_application_security_group_ids": [],
            "source_port_range": "*",
            "source_port_ranges": [],
            "timeouts": null
          },
          "sensitive_attributes": [],
          "private": "eyJlMmJmYjczMC1lY2FhLTExZTYtOGY4OC0zNDM2M2JjN2M0YzAiOnsiY3JlYXRlIjoxODAwMDAwMDAwMDAwLCJkZWxldGUiOjE4MDAwMDAwMDAwMDAsInJlYWQiOjMwMDAwMDAwMDAwMCwidXBkYXRlIjoxODAwMDAwMDAwMDAwfX0=",
          "dependencies": [
            "azurerm_network_security_group.dev-subnet-1-nsg",
            "azurerm_resource_group.dev-rg"
          ]
        }
      ]
    },
    {
      "mode": "managed",
      "type": "azurerm_public_ip",
      "name": "vmdev1-pip",
      "provider": "provider[\"registry.terraform.io/hashicorp/azurerm\"]",
      "instances": [
        {
          "schema_version": 0,
          "attributes": {
            "allocation_method": "Static",
            "ddos_protection_mode": "VirtualNetworkInherited",
            "ddos_protection_plan_id": null,
            "domain_name_label": null,
            "edge_zone": "",
            "fqdn": null,
            "id": "/subscriptions/f658e370-512a-4d13-a7a0-90c19f2246dd/resourceGroups/rg-lou-dev-env/providers/Microsoft.Network/publicIPAddresses/pip-vmdev1",
            "idle_timeout_in_minutes": 4,
            "ip_address": "51.145.118.227",
            "ip_tags": {},
            "ip_version": "IPv4",
            "location": "uksouth",
            "name": "pip-vmdev1",
            "public_ip_prefix_id": null,
            "resource_group_name": "rg-lou-dev-env",
            "reverse_fqdn": null,
            "sku": "Basic",
            "sku_tier": "Regional",
            "tags": {},
            "timeouts": null,
            "zones": []
          },
          "sensitive_attributes": [],
          "private": "eyJlMmJmYjczMC1lY2FhLTExZTYtOGY4OC0zNDM2M2JjN2M0YzAiOnsiY3JlYXRlIjoxODAwMDAwMDAwMDAwLCJkZWxldGUiOjE4MDAwMDAwMDAwMDAsInJlYWQiOjMwMDAwMDAwMDAwMCwidXBkYXRlIjoxODAwMDAwMDAwMDAwfX0=",
          "dependencies": [
            "azurerm_resource_group.dev-rg"
          ]
        }
      ]
    },
    {
      "mode": "managed",
      "type": "azurerm_resource_group",
      "name": "dev-rg",
      "provider": "provider[\"registry.terraform.io/hashicorp/azurerm\"]",
      "instances": [
        {
          "schema_version": 0,
          "attributes": {
            "id": "/subscriptions/f658e370-512a-4d13-a7a0-90c19f2246dd/resourceGroups/rg-lou-dev-env",
            "location": "uksouth",
            "managed_by": "",
            "name": "rg-lou-dev-env",
            "tags": {},
            "timeouts": null
          },
          "sensitive_attributes": [],
          "private": "eyJlMmJmYjczMC1lY2FhLTExZTYtOGY4OC0zNDM2M2JjN2M0YzAiOnsiY3JlYXRlIjo1NDAwMDAwMDAwMDAwLCJkZWxldGUiOjU0MDAwMDAwMDAwMDAsInJlYWQiOjMwMDAwMDAwMDAwMCwidXBkYXRlIjo1NDAwMDAwMDAwMDAwfX0="
        }
      ]
    },
    {
      "mode": "managed",
      "type": "azurerm_subnet",
      "name": "dev-subnet-1",
      "provider": "provider[\"registry.terraform.io/hashicorp/azurerm\"]",
      "instances": [
        {
          "schema_version": 0,
          "attributes": {
            "address_prefixes": [
              "10.0.1.0/24"
            ],
            "delegation": [],
            "enforce_private_link_endpoint_network_policies": false,
            "enforce_private_link_service_network_policies": false,
            "id": "/subscriptions/f658e370-512a-4d13-a7a0-90c19f2246dd/resourceGroups/rg-lou-dev-env/providers/Microsoft.Network/virtualNetworks/vnet-dev-env/subnets/subnet-dev-1",
            "name": "subnet-dev-1",
            "private_endpoint_network_policies_enabled": true,
            "private_link_service_network_policies_enabled": true,
            "resource_group_name": "rg-lou-dev-env",
            "service_endpoint_policy_ids": [],
            "service_endpoints": [],
            "timeouts": null,
            "virtual_network_name": "vnet-dev-env"
          },
          "sensitive_attributes": [],
          "private": "eyJlMmJmYjczMC1lY2FhLTExZTYtOGY4OC0zNDM2M2JjN2M0YzAiOnsiY3JlYXRlIjoxODAwMDAwMDAwMDAwLCJkZWxldGUiOjE4MDAwMDAwMDAwMDAsInJlYWQiOjMwMDAwMDAwMDAwMCwidXBkYXRlIjoxODAwMDAwMDAwMDAwfX0=",
          "dependencies": [
            "azurerm_resource_group.dev-rg",
            "azurerm_virtual_network.dev-vnet"
          ]
        }
      ]
    },
    {
      "mode": "managed",
      "type": "azurerm_subnet_network_security_group_association",
      "name": "example",
      "provider": "provider[\"registry.terraform.io/hashicorp/azurerm\"]",
      "instances": [
        {
          "schema_version": 0,
          "attributes": {
            "id": "/subscriptions/f658e370-512a-4d13-a7a0-90c19f2246dd/resourceGroups/rg-lou-dev-env/providers/Microsoft.Network/virtualNetworks/vnet-dev-env/subnets/subnet-dev-1",
            "network_security_group_id": "/subscriptions/f658e370-512a-4d13-a7a0-90c19f2246dd/resourceGroups/rg-lou-dev-env/providers/Microsoft.Network/networkSecurityGroups/nsg-dev-subnet-1",
            "subnet_id": "/subscriptions/f658e370-512a-4d13-a7a0-90c19f2246dd/resourceGroups/rg-lou-dev-env/providers/Microsoft.Network/virtualNetworks/vnet-dev-env/subnets/subnet-dev-1",
            "timeouts": null
          },
          "sensitive_attributes": [],
          "private": "eyJlMmJmYjczMC1lY2FhLTExZTYtOGY4OC0zNDM2M2JjN2M0YzAiOnsiY3JlYXRlIjoxODAwMDAwMDAwMDAwLCJkZWxldGUiOjE4MDAwMDAwMDAwMDAsInJlYWQiOjMwMDAwMDAwMDAwMCwidXBkYXRlIjoxODAwMDAwMDAwMDAwfX0=",
          "dependencies": [
            "azurerm_network_security_group.dev-subnet-1-nsg",
            "azurerm_resource_group.dev-rg",
            "azurerm_subnet.dev-subnet-1",
            "azurerm_virtual_network.dev-vnet"
          ]
        }
      ]
    },
    {
      "mode": "managed",
      "type": "azurerm_virtual_network",
      "name": "dev-vnet",
      "provider": "provider[\"registry.terraform.io/hashicorp/azurerm\"]",
      "instances": [
        {
          "schema_version": 0,
          "attributes": {
            "address_space": [
              "10.0.0.0/16"
            ],
            "bgp_community": "",
            "ddos_protection_plan": [],
            "dns_servers": [],
            "edge_zone": "",
            "encryption": [],
            "flow_timeout_in_minutes": 0,
            "guid": "0c67aa2e-911f-4829-b4f4-fd8b7dec9b55",
            "id": "/subscriptions/f658e370-512a-4d13-a7a0-90c19f2246dd/resourceGroups/rg-lou-dev-env/providers/Microsoft.Network/virtualNetworks/vnet-dev-env",
            "location": "uksouth",
            "name": "vnet-dev-env",
            "resource_group_name": "rg-lou-dev-env",
            "subnet": [
              {
                "address_prefix": "10.0.1.0/24",
                "id": "/subscriptions/f658e370-512a-4d13-a7a0-90c19f2246dd/resourceGroups/rg-lou-dev-env/providers/Microsoft.Network/virtualNetworks/vnet-dev-env/subnets/subnet-dev-1",
                "name": "subnet-dev-1",
                "security_group": "/subscriptions/f658e370-512a-4d13-a7a0-90c19f2246dd/resourceGroups/rg-lou-dev-env/providers/Microsoft.Network/networkSecurityGroups/nsg-dev-subnet-1"
              }
            ],
            "tags": {},
            "timeouts": null
          },
          "sensitive_attributes": [],
          "private": "eyJlMmJmYjczMC1lY2FhLTExZTYtOGY4OC0zNDM2M2JjN2M0YzAiOnsiY3JlYXRlIjoxODAwMDAwMDAwMDAwLCJkZWxldGUiOjE4MDAwMDAwMDAwMDAsInJlYWQiOjMwMDAwMDAwMDAwMCwidXBkYXRlIjoxODAwMDAwMDAwMDAwfX0=",
          "dependencies": [
            "azurerm_resource_group.dev-rg"
          ]
        }
      ]
    },
    {
      "mode": "managed",
      "type": "azurerm_windows_virtual_machine",
      "name": "dev-vm-1",
      "provider": "provider[\"registry.terraform.io/hashicorp/azurerm\"]",
      "instances": [
        {
          "schema_version": 0,
          "attributes": {
            "additional_capabilities": [],
            "additional_unattend_content": [],
            "admin_password": "Hashirama@985",
            "admin_username": "Louis",
            "allow_extension_operations": true,
            "availability_set_id": "",
            "boot_diagnostics": [],
            "bypass_platform_safety_checks_on_user_schedule_enabled": false,
            "capacity_reservation_group_id": "",
            "computer_name": "vmdev1",
            "custom_data": null,
            "dedicated_host_group_id": "",
            "dedicated_host_id": "",
            "edge_zone": "",
            "enable_automatic_updates": true,
            "encryption_at_host_enabled": false,
            "eviction_policy": "",
            "extensions_time_budget": "PT1H30M",
            "gallery_application": [],
            "hotpatching_enabled": false,
            "id": "/subscriptions/f658e370-512a-4d13-a7a0-90c19f2246dd/resourceGroups/rg-lou-dev-env/providers/Microsoft.Compute/virtualMachines/vmdev1",
            "identity": [],
            "license_type": "",
            "location": "uksouth",
            "max_bid_price": -1,
            "name": "vmdev1",
            "network_interface_ids": [
              "/subscriptions/f658e370-512a-4d13-a7a0-90c19f2246dd/resourceGroups/rg-lou-dev-env/providers/Microsoft.Network/networkInterfaces/nic-dev-vm-1"
            ],
            "os_disk": [
              {
                "caching": "ReadWrite",
                "diff_disk_settings": [],
                "disk_encryption_set_id": "",
                "disk_size_gb": 127,
                "name": "vmdev1_OsDisk_1_94cfd179085040aa88857625aec8ddef",
                "secure_vm_disk_encryption_set_id": "",
                "security_encryption_type": "",
                "storage_account_type": "Standard_LRS",
                "write_accelerator_enabled": false
              }
            ],
            "patch_assessment_mode": "ImageDefault",
            "patch_mode": "AutomaticByOS",
            "plan": [],
            "platform_fault_domain": -1,
            "priority": "Regular",
            "private_ip_address": "10.0.1.11",
            "private_ip_addresses": [
              "10.0.1.11"
            ],
            "provision_vm_agent": true,
            "proximity_placement_group_id": "",
            "public_ip_address": "51.145.118.227",
            "public_ip_addresses": [
              "51.145.118.227"
            ],
            "reboot_setting": "",
            "resource_group_name": "rg-lou-dev-env",
            "secret": [],
            "secure_boot_enabled": false,
            "size": "Standard_B2ms",
            "source_image_id": "",
            "source_image_reference": [
              {
                "offer": "WindowsServer",
                "publisher": "MicrosoftWindowsServer",
                "sku": "2016-Datacenter",
                "version": "latest"
              }
            ],
            "tags": {},
            "termination_notification": [],
            "timeouts": null,
            "timezone": "",
            "user_data": "",
            "virtual_machine_id": "5add5488-b318-44b7-be55-2ac2288aa4d9",
            "virtual_machine_scale_set_id": "",
            "vtpm_enabled": false,
            "winrm_listener": [],
            "zone": ""
          },
          "sensitive_attributes": [],
          "private": "eyJlMmJmYjczMC1lY2FhLTExZTYtOGY4OC0zNDM2M2JjN2M0YzAiOnsiY3JlYXRlIjoyNzAwMDAwMDAwMDAwLCJkZWxldGUiOjI3MDAwMDAwMDAwMDAsInJlYWQiOjMwMDAwMDAwMDAwMCwidXBkYXRlIjoyNzAwMDAwMDAwMDAwfX0=",
          "dependencies": [
            "azurerm_network_interface.dev-vm1-nic",
            "azurerm_public_ip.vmdev1-pip",
            "azurerm_resource_group.dev-rg",
            "azurerm_subnet.dev-subnet-1",
            "azurerm_virtual_network.dev-vnet"
          ]
        }
      ]
    },
    {
      "mode": "managed",
      "type": "azurerm_windows_virtual_machine",
      "name": "dev-vm-2",
      "provider": "provider[\"registry.terraform.io/hashicorp/azurerm\"]",
      "instances": [
        {
          "schema_version": 0,
          "attributes": {
            "additional_capabilities": [],
            "additional_unattend_content": [],
            "admin_password": "MadaraSusan00",
            "admin_username": "Louis",
            "allow_extension_operations": true,
            "availability_set_id": "",
            "boot_diagnostics": [],
            "bypass_platform_safety_checks_on_user_schedule_enabled": false,
            "capacity_reservation_group_id": "",
            "computer_name": "vmdev2",
            "custom_data": null,
            "dedicated_host_group_id": "",
            "dedicated_host_id": "",
            "edge_zone": "",
            "enable_automatic_updates": true,
            "encryption_at_host_enabled": false,
            "eviction_policy": "",
            "extensions_time_budget": "PT1H30M",
            "gallery_application": [],
            "hotpatching_enabled": false,
            "id": "/subscriptions/f658e370-512a-4d13-a7a0-90c19f2246dd/resourceGroups/rg-lou-dev-env/providers/Microsoft.Compute/virtualMachines/vmdev2",
            "identity": [],
            "license_type": "",
            "location": "uksouth",
            "max_bid_price": -1,
            "name": "vmdev2",
            "network_interface_ids": [
              "/subscriptions/f658e370-512a-4d13-a7a0-90c19f2246dd/resourceGroups/rg-lou-dev-env/providers/Microsoft.Network/networkInterfaces/nic-dev-vm-2"
            ],
            "os_disk": [
              {
                "caching": "ReadWrite",
                "diff_disk_settings": [],
                "disk_encryption_set_id": "",
                "disk_size_gb": 127,
                "name": "vmdev2_OsDisk_1_d7fca6e215f0462fb6fb105f5e6e3d45",
                "secure_vm_disk_encryption_set_id": "",
                "security_encryption_type": "",
                "storage_account_type": "Standard_LRS",
                "write_accelerator_enabled": false
              }
            ],
            "patch_assessment_mode": "ImageDefault",
            "patch_mode": "AutomaticByOS",
            "plan": [],
            "platform_fault_domain": -1,
            "priority": "Regular",
            "private_ip_address": "10.0.1.22",
            "private_ip_addresses": [
              "10.0.1.22"
            ],
            "provision_vm_agent": true,
            "proximity_placement_group_id": "",
            "public_ip_address": "",
            "public_ip_addresses": [],
            "reboot_setting": "",
            "resource_group_name": "rg-lou-dev-env",
            "secret": [],
            "secure_boot_enabled": false,
            "size": "Standard_B2ms",
            "source_image_id": "",
            "source_image_reference": [
              {
                "offer": "WindowsServer",
                "publisher": "MicrosoftWindowsServer",
                "sku": "2016-Datacenter",
                "version": "latest"
              }
            ],
            "tags": {},
            "termination_notification": [],
            "timeouts": null,
            "timezone": "",
            "user_data": "",
            "virtual_machine_id": "2433fc6c-ec5c-458c-bc9d-c630bfbf0a04",
            "virtual_machine_scale_set_id": "",
            "vtpm_enabled": false,
            "winrm_listener": [],
            "zone": ""
          },
          "sensitive_attributes": [],
          "private": "eyJlMmJmYjczMC1lY2FhLTExZTYtOGY4OC0zNDM2M2JjN2M0YzAiOnsiY3JlYXRlIjoyNzAwMDAwMDAwMDAwLCJkZWxldGUiOjI3MDAwMDAwMDAwMDAsInJlYWQiOjMwMDAwMDAwMDAwMCwidXBkYXRlIjoyNzAwMDAwMDAwMDAwfX0=",
          "dependencies": [
            "azurerm_network_interface.dev-vm2-nic",
            "azurerm_resource_group.dev-rg",
            "azurerm_subnet.dev-subnet-1",
            "azurerm_virtual_network.dev-vnet"
          ]
        }
      ]
    }
  ],
  "check_results": null
}
